# THIS IS AN AUTOGENERATED FILE. DO NOT EDIT THIS FILE DIRECTLY.
# yarn lockfile v1


"@rabota/analytics-layer@^0.2.1":
  version "0.2.1"
  resolved "https://registry.yarnpkg.com/@rabota/analytics-layer/-/analytics-layer-0.2.1.tgz#860f0714e17fda372ac2933bdb1820d0f937f536"
  integrity sha512-oUHYAYZQEb1Cv7P/ecyxPb9DGuQBpNNuKSAR5969PqBL7a6VDe3bmoTnd/UEhu2jhqxg0pd3UrEYhhROtmmxLg==
