# THIS IS AN AUTOGENERATED FILE. DO NOT EDIT THIS FILE DIRECTLY.
# yarn lockfile v1


"@rabota/analytics-layer@^0.6.1":
  version "0.6.1"
  resolved "https://registry.yarnpkg.com/@rabota/analytics-layer/-/analytics-layer-0.6.1.tgz#04314cd973b32f9d5cbc2a5902b86f828b74b690"
  integrity sha512-jo05ESPkuVvfrkvIyRgLny9hirxaWRqzQVeNBn8CGVAOEIxy5Vel5Okaj5C735dIxz3rIi7ETrJ6luUcR9AQ9w==
