# THIS IS AN AUTOGENERATED FILE. DO NOT EDIT THIS FILE DIRECTLY.
# yarn lockfile v1


"@rabota/loader@^1.0.2":
  version "1.0.2"
  resolved "https://registry.yarnpkg.com/@rabota/loader/-/loader-1.0.2.tgz#69039b8af9485023e85f9b5c54f8d301af8141df"
  integrity sha512-hIu9BVpPk9OxpRLM6ydBvGEBRr1qFoUEMAf6rG5EopQ9MlRETHFeYdmQ90o0u2uh1k8bbcdETb/EcTOluo/suw==
